
Microsoft Visual Studio Solution File, Format Version 12.00
# Visual Studio Version 16
VisualStudioVersion = 16.0.29905.134
MinimumVisualStudioVersion = 10.0.40219.1
Project("{FAE04EC0-301F-11D3-BF4B-00C04F79EFBC}") = "EFDesignFirst", "EFDesignFirst\EFDesignFirst.csproj", "{BF479BBA-E3B2-4644-B773-279E72E76DC3}"
EndProject
Global
	GlobalSection(SolutionConfigurationPlatforms) = preSolution
		Debug|Any CPU = Debug|Any CPU
		Release|Any CPU = Release|Any CPU
	EndGlobalSection
	GlobalSection(ProjectConfigurationPlatforms) = postSolution
		{BF479BBA-E3B2-4644-B773-279E72E76DC3}.Debug|Any CPU.ActiveCfg = Debug|Any CPU
		{BF479BBA-E3B2-4644-B773-279E72E76DC3}.Debug|Any CPU.Build.0 = Debug|Any CPU
		{BF479BBA-E3B2-4644-B773-279E72E76DC3}.Release|Any CPU.ActiveCfg = Release|Any CPU
		{BF479BBA-E3B2-4644-B773-279E72E76DC3}.Release|Any CPU.Build.0 = Release|Any CPU
	EndGlobalSection
	GlobalSection(SolutionProperties) = preSolution
		HideSolutionNode = FALSE
	EndGlobalSection
	GlobalSection(ExtensibilityGlobals) = postSolution
		SolutionGuid = {18754511-CDCC-4D2D-8BD5-0E8A0CC214E4}
	EndGlobalSection
EndGlobal
